<?xml version="1.0" encoding="utf-8"?>
<Project ToolsVersion="4.0" xmlns="http://schemas.microsoft.com/developer/msbuild/2003">
  <ItemGroup>
    <Filter Include="Source Files">
      <UniqueIdentifier>{4FC737F1-C7A5-4376-A066-2A32D752A2FF}</UniqueIdentifier>
      <Extensions>cpp;c;cc;cxx;def;odl;idl;hpj;bat;asm;asmx</Extensions>
    </Filter>
    <Filter Include="Header Files">
      <UniqueIdentifier>{93995380-89BD-4b04-88EB-625FBE52EBFB}</UniqueIdentifier>
      <Extensions>h;hh;hpp;hxx;hm;inl;inc;xsd</Extensions>
    </Filter>
    <Filter Include="Resource Files">
      <UniqueIdentifier>{67DA6AB6-F800-4c08-8B7A-83BB121AAD01}</UniqueIdentifier>
      <Extensions>rc;ico;cur;bmp;dlg;rc2;rct;bin;rgs;gif;jpg;jpeg;jpe;resx;tiff;tif;png;wav;mfcribbon-ms</Extensions>
    </Filter>
    <Filter Include="bmBase">
      <UniqueIdentifier>{1102e1e8-c7d2-48e3-b2f7-d4cc680b373f}</UniqueIdentifier>
    </Filter>
    <Filter Include="components">
      <UniqueIdentifier>{3175867a-483f-454d-abdc-e8a45e03af47}</UniqueIdentifier>
    </Filter>
    <Filter Include="graphics">
      <UniqueIdentifier>{d9fc2de9-aea6-4e0f-934a-584f2dfc380a}</UniqueIdentifier>
    </Filter>
    <Filter Include="Engine">
      <UniqueIdentifier>{1afdb8ab-c8a2-4026-a187-e56966c6effb}</UniqueIdentifier>
    </Filter>
    <Filter Include="Input">
      <UniqueIdentifier>{7eb97375-b9c6-473d-81dc-59d98b0b7ae6}</UniqueIdentifier>
    </Filter>
    <Filter Include="Entities">
      <UniqueIdentifier>{5ef5a6a1-93cd-4a04-a886-cd68753a3453}</UniqueIdentifier>
    </Filter>
    <Filter Include="Systems">
      <UniqueIdentifier>{037327a9-fad4-47ef-8843-dff1def666fa}</UniqueIdentifier>
    </Filter>
    <Filter Include="Scenes">
      <UniqueIdentifier>{07aa0c24-bcf1-4fd4-9a1b-39502195bed0}</UniqueIdentifier>
    </Filter>
  </ItemGroup>
  <ItemGroup>
    <Text Include="ReadMe.txt" />
  </ItemGroup>
  <ItemGroup>
    <ClInclude Include="stdafx.h">
      <Filter>Header Files</Filter>
    </ClInclude>
    <ClInclude Include="targetver.h">
      <Filter>Header Files</Filter>
    </ClInclude>
    <ClInclude Include="bmVector2.h">
      <Filter>bmBase</Filter>
    </ClInclude>
    <ClInclude Include="bmColor.h">
      <Filter>bmBase</Filter>
    </ClInclude>
    <ClInclude Include="bmEngine.h">
      <Filter>Engine</Filter>
    </ClInclude>
    <ClInclude Include="bmInputManager.h">
      <Filter>Input</Filter>
    </ClInclude>
    <ClInclude Include="bmLoop.h">
      <Filter>Scenes</Filter>
    </ClInclude>
    <ClInclude Include="bmScene.h">
      <Filter>Scenes</Filter>
    </ClInclude>
    <ClInclude Include="bmSceneManager.h">
      <Filter>Scenes</Filter>
    </ClInclude>
    <ClInclude Include="bmLevelScene.h">
      <Filter>Scenes</Filter>
    </ClInclude>
    <ClInclude Include="bmSceneType.h">
      <Filter>Scenes</Filter>
    </ClInclude>
    <ClInclude Include="bmMenuScene.h">
      <Filter>Scenes</Filter>
    </ClInclude>
    <ClInclude Include="bmEntityManager.h">
      <Filter>Entities</Filter>
    </ClInclude>
    <ClInclude Include="bmEntity.h">
      <Filter>Entities</Filter>
    </ClInclude>
    <ClInclude Include="bmPlayerEntity.h">
      <Filter>Entities</Filter>
    </ClInclude>
    <ClInclude Include="bmSystemManager.h">
      <Filter>Systems</Filter>
    </ClInclude>
    <ClInclude Include="bmSystem.h">
      <Filter>Systems</Filter>
    </ClInclude>
    <ClInclude Include="bmDrawable.h">
      <Filter>bmBase</Filter>
    </ClInclude>
    <ClInclude Include="bmRectangle.h">
      <Filter>bmBase</Filter>
    </ClInclude>
    <ClInclude Include="bmComponent.h">
      <Filter>components</Filter>
    </ClInclude>
    <ClInclude Include="bmRenderSystem.h">
      <Filter>Systems</Filter>
    </ClInclude>
    <ClInclude Include="bmPositionComponent.h">
      <Filter>components</Filter>
    </ClInclude>
    <ClInclude Include="bmResourceManager.h">
      <Filter>graphics</Filter>
    </ClInclude>
    <ClInclude Include="bmTexture2d.h">
      <Filter>graphics</Filter>
    </ClInclude>
    <ClInclude Include="Window.h">
      <Filter>bmBase</Filter>
    </ClInclude>
    <ClInclude Include="GraphicsDevice.h">
      <Filter>graphics</Filter>
    </ClInclude>
    <ClInclude Include="SDLGraphicsDevice.h">
      <Filter>graphics</Filter>
    </ClInclude>
    <ClInclude Include="bmColorComponent.h">
      <Filter>components</Filter>
    </ClInclude>
  </ItemGroup>
  <ItemGroup>
    <ClCompile Include="stdafx.cpp">
      <Filter>Source Files</Filter>
    </ClCompile>
    <ClCompile Include="bmVector2.cpp">
      <Filter>bmBase</Filter>
    </ClCompile>
    <ClCompile Include="bmEngine.cpp">
      <Filter>Engine</Filter>
    </ClCompile>
    <ClCompile Include="bmInputManager.cpp">
      <Filter>Input</Filter>
    </ClCompile>
    <ClCompile Include="bmLoop.cpp">
      <Filter>Scenes</Filter>
    </ClCompile>
    <ClCompile Include="bmScene.cpp">
      <Filter>Scenes</Filter>
    </ClCompile>
    <ClCompile Include="bmSceneManager.cpp">
      <Filter>Scenes</Filter>
    </ClCompile>
    <ClCompile Include="bmLevelScene.cpp">
      <Filter>Scenes</Filter>
    </ClCompile>
    <ClCompile Include="bmMenuScene.cpp">
      <Filter>Scenes</Filter>
    </ClCompile>
    <ClCompile Include="bmEntityManager.cpp">
      <Filter>Entities</Filter>
    </ClCompile>
    <ClCompile Include="bmEntity.cpp">
      <Filter>Entities</Filter>
    </ClCompile>
    <ClCompile Include="bmPlayerEntity.cpp">
      <Filter>Entities</Filter>
    </ClCompile>
    <ClCompile Include="bmSystemManager.cpp">
      <Filter>Systems</Filter>
    </ClCompile>
    <ClCompile Include="bmSystem.cpp">
      <Filter>Systems</Filter>
    </ClCompile>
    <ClCompile Include="bmDrawable.cpp">
      <Filter>bmBase</Filter>
    </ClCompile>
    <ClCompile Include="bmRectangle.cpp">
      <Filter>bmBase</Filter>
    </ClCompile>
    <ClCompile Include="bmComponent.cpp">
      <Filter>components</Filter>
    </ClCompile>
    <ClCompile Include="bmRenderSystem.cpp">
      <Filter>Systems</Filter>
    </ClCompile>
    <ClCompile Include="bmPositionComponent.cpp">
      <Filter>components</Filter>
    </ClCompile>
    <ClCompile Include="main.cpp">
      <Filter>Source Files</Filter>
    </ClCompile>
    <ClCompile Include="bmResourceManager.cpp">
      <Filter>graphics</Filter>
    </ClCompile>
    <ClCompile Include="bmTexture2d.cpp">
      <Filter>graphics</Filter>
    </ClCompile>
    <ClCompile Include="Window.cpp">
      <Filter>bmBase</Filter>
    </ClCompile>
    <ClCompile Include="SDLGraphicsDevice.cpp">
      <Filter>graphics</Filter>
    </ClCompile>
    <ClCompile Include="bmColorComponent.cpp">
      <Filter>components</Filter>
    </ClCompile>
  </ItemGroup>
</Project>