<?xml version="1.0" encoding="utf-8"?>
<Project ToolsVersion="4.0" xmlns="http://schemas.microsoft.com/developer/msbuild/2003">
  <ItemGroup>
    <Filter Include="managers">
      <UniqueIdentifier>{5aefaee6-06fd-4ab8-8a7e-e4930c97e700}</UniqueIdentifier>
    </Filter>
    <Filter Include="components">
      <UniqueIdentifier>{da9ef43e-a848-4ae3-8680-11e1874eb886}</UniqueIdentifier>
    </Filter>
    <Filter Include="core">
      <UniqueIdentifier>{e41fe3c7-9964-490f-8257-3f574a209914}</UniqueIdentifier>
    </Filter>
    <Filter Include="scenes">
      <UniqueIdentifier>{be4d3f77-1a7b-4039-84cf-6fbeac066f07}</UniqueIdentifier>
    </Filter>
    <Filter Include="entities">
      <UniqueIdentifier>{6baaec74-e5fa-434d-a75a-c0a4a62065bb}</UniqueIdentifier>
    </Filter>
    <Filter Include="systems">
      <UniqueIdentifier>{5a986e3f-f89a-4317-94a7-a4d28328634a}</UniqueIdentifier>
    </Filter>
    <Filter Include="devices\graphics">
      <UniqueIdentifier>{e6b67c65-01bb-4859-8a11-0b09e1465e2c}</UniqueIdentifier>
    </Filter>
    <Filter Include="devices">
      <UniqueIdentifier>{2ab3bc4b-fd4b-4399-9357-0d4d98f6b11c}</UniqueIdentifier>
    </Filter>
    <Filter Include="systems\physics">
      <UniqueIdentifier>{10315ba0-b48b-43df-aacf-66c72d85be0a}</UniqueIdentifier>
    </Filter>
    <Filter Include="primitives">
      <UniqueIdentifier>{3bda5fd9-7171-490e-98a2-5e033e27898a}</UniqueIdentifier>
    </Filter>
    <Filter Include="devices\audio">
      <UniqueIdentifier>{26f655f2-8d64-40cd-a759-287caf99189f}</UniqueIdentifier>
    </Filter>
  </ItemGroup>
  <ItemGroup>
    <ClInclude Include="managers\StateManager.h">
      <Filter>managers</Filter>
    </ClInclude>
    <ClInclude Include="components\GroundComponent.h">
      <Filter>components</Filter>
    </ClInclude>
    <ClInclude Include="components\AffectedByGravityComponent.h">
      <Filter>components</Filter>
    </ClInclude>
    <ClInclude Include="core\Window.h">
      <Filter>core</Filter>
    </ClInclude>
    <ClInclude Include="components\RectangleComponent.h">
      <Filter>components</Filter>
    </ClInclude>
    <ClInclude Include="scenes\Scene.h">
      <Filter>scenes</Filter>
    </ClInclude>
    <ClInclude Include="entities\SpriteEntity.h">
      <Filter>entities</Filter>
    </ClInclude>
    <ClInclude Include="systems\RenderSystem.h">
      <Filter>systems</Filter>
    </ClInclude>
    <ClInclude Include="managers\SceneManager.h">
      <Filter>managers</Filter>
    </ClInclude>
    <ClInclude Include="components\GroundedComponent.h">
      <Filter>components</Filter>
    </ClInclude>
    <ClInclude Include="managers\InputManager.h">
      <Filter>managers</Filter>
    </ClInclude>
    <ClInclude Include="components\ColorComponent.h">
      <Filter>components</Filter>
    </ClInclude>
    <ClInclude Include="components\PhysicsComponentShape.h">
      <Filter>components</Filter>
    </ClInclude>
    <ClInclude Include="devices\graphics\TextureFlip.h">
      <Filter>devices\graphics</Filter>
    </ClInclude>
    <ClInclude Include="managers\SystemManager.h">
      <Filter>managers</Filter>
    </ClInclude>
    <ClInclude Include="devices\graphics\TextureAndUsage.h">
      <Filter>devices\graphics</Filter>
    </ClInclude>
    <ClInclude Include="entities\Entity.h">
      <Filter>entities</Filter>
    </ClInclude>
    <ClInclude Include="components\TextureComponent.h">
      <Filter>components</Filter>
    </ClInclude>
    <ClInclude Include="components\Component.h">
      <Filter>components</Filter>
    </ClInclude>
    <ClInclude Include="devices\graphics\GraphicsDevice.h">
      <Filter>devices\graphics</Filter>
    </ClInclude>
    <ClInclude Include="devices\graphics\SDLGraphicsDevice.h">
      <Filter>devices\graphics</Filter>
    </ClInclude>
    <ClInclude Include="components\TextComponent.h">
      <Filter>components</Filter>
    </ClInclude>
    <ClInclude Include="systems\physics\ContactListener.h">
      <Filter>systems\physics</Filter>
    </ClInclude>
    <ClInclude Include="core\Loop.h">
      <Filter>core</Filter>
    </ClInclude>
    <ClInclude Include="components\PhysicsComponent.h">
      <Filter>components</Filter>
    </ClInclude>
    <ClInclude Include="components\PositionComponent.h">
      <Filter>components</Filter>
    </ClInclude>
    <ClInclude Include="managers\EntityManager.h">
      <Filter>managers</Filter>
    </ClInclude>
    <ClInclude Include="systems\physics\PhysicsSystem.h">
      <Filter>systems\physics</Filter>
    </ClInclude>
    <ClInclude Include="components\TransformComponent.h">
      <Filter>components</Filter>
    </ClInclude>
    <ClInclude Include="components\UIComponent.h">
      <Filter>components</Filter>
    </ClInclude>
    <ClInclude Include="systems\System.h">
      <Filter>systems</Filter>
    </ClInclude>
    <ClInclude Include="core\Engine.h">
      <Filter>core</Filter>
    </ClInclude>
    <ClInclude Include="stdafx.h" />
    <ClInclude Include="targetver.h" />
    <ClInclude Include="primitives\Primitives.h">
      <Filter>primitives</Filter>
    </ClInclude>
    <ClInclude Include="Biemgine.h" />
    <ClInclude Include="dlldef.h" />
    <ClInclude Include="systems\UISystem.h">
      <Filter>systems</Filter>
    </ClInclude>
    <ClInclude Include="managers\FileHandler.h" />
    <ClInclude Include="components\CollidableComponent.h">
      <Filter>components</Filter>
    </ClInclude>
    <ClInclude Include="entities\TextUIEntity.h">
      <Filter>entities</Filter>
    </ClInclude>
    <ClInclude Include="systems\ScriptSystem.h">
      <Filter>systems</Filter>
    </ClInclude>
    <ClInclude Include="entities\TextEntity.h">
      <Filter>entities</Filter>
    </ClInclude>
    <ClInclude Include="components\ScriptComponent.h">
      <Filter>components</Filter>
    </ClInclude>
    <ClInclude Include="primitives\RandomGenerator.h">
      <Filter>primitives</Filter>
    </ClInclude>
    <ClInclude Include="systems\CameraSystem.h" />
    <ClInclude Include="components\CameraComponent.h" />
    <ClInclude Include="devices\audio\AudioDevice.h">
      <Filter>devices\audio</Filter>
    </ClInclude>
    <ClInclude Include="devices\audio\SDLAudioDevice.h">
      <Filter>devices\audio</Filter>
    </ClInclude>
    <ClInclude Include="components\AudioComponent.h">
      <Filter>components</Filter>
    </ClInclude>
  </ItemGroup>
  <ItemGroup>
    <ClCompile Include="devices\graphics\SDLGraphicsDevice.cpp">
      <Filter>devices\graphics</Filter>
    </ClCompile>
    <ClCompile Include="core\Window.cpp">
      <Filter>core</Filter>
    </ClCompile>
    <ClCompile Include="managers\InputManager.cpp">
      <Filter>managers</Filter>
    </ClCompile>
    <ClCompile Include="components\GroundedComponent.cpp">
      <Filter>components</Filter>
    </ClCompile>
    <ClCompile Include="systems\System.cpp">
      <Filter>systems</Filter>
    </ClCompile>
    <ClCompile Include="scenes\Scene.cpp">
      <Filter>scenes</Filter>
    </ClCompile>
    <ClCompile Include="systems\physics\PhysicsSystem.cpp">
      <Filter>systems\physics</Filter>
    </ClCompile>
    <ClCompile Include="components\PositionComponent.cpp">
      <Filter>components</Filter>
    </ClCompile>
    <ClCompile Include="entities\Entity.cpp">
      <Filter>entities</Filter>
    </ClCompile>
    <ClCompile Include="managers\StateManager.cpp">
      <Filter>managers</Filter>
    </ClCompile>
    <ClCompile Include="core\Engine.cpp">
      <Filter>core</Filter>
    </ClCompile>
    <ClCompile Include="managers\SceneManager.cpp">
      <Filter>managers</Filter>
    </ClCompile>
    <ClCompile Include="systems\physics\ContactListener.cpp">
      <Filter>systems\physics</Filter>
    </ClCompile>
    <ClCompile Include="managers\SystemManager.cpp">
      <Filter>managers</Filter>
    </ClCompile>
    <ClCompile Include="core\Loop.cpp">
      <Filter>core</Filter>
    </ClCompile>
    <ClCompile Include="stdafx.cpp" />
    <ClCompile Include="managers\EntityManager.cpp">
      <Filter>managers</Filter>
    </ClCompile>
    <ClCompile Include="primitives\Primitives.cpp">
      <Filter>primitives</Filter>
    </ClCompile>
    <ClCompile Include="UIComponent.cpp">
      <Filter>components</Filter>
    </ClCompile>
    <ClCompile Include="entities\SpriteEntity.cpp">
      <Filter>entities</Filter>
    </ClCompile>
    <ClCompile Include="components\AffectedByGravityComponent.cpp">
      <Filter>components</Filter>
    </ClCompile>
    <ClCompile Include="components\ColorComponent.cpp">
      <Filter>components</Filter>
    </ClCompile>
    <ClCompile Include="components\Component.cpp">
      <Filter>components</Filter>
    </ClCompile>
    <ClCompile Include="components\GroundComponent.cpp">
      <Filter>components</Filter>
    </ClCompile>
    <ClCompile Include="components\PhysicsComponent.cpp">
      <Filter>components</Filter>
    </ClCompile>
    <ClCompile Include="components\RectangleComponent.cpp">
      <Filter>components</Filter>
    </ClCompile>
    <ClCompile Include="components\TextComponent.cpp">
      <Filter>components</Filter>
    </ClCompile>
    <ClCompile Include="components\TextureComponent.cpp">
      <Filter>components</Filter>
    </ClCompile>
    <ClCompile Include="components\TransformComponent.cpp">
      <Filter>components</Filter>
    </ClCompile>
    <ClCompile Include="systems\UISystem.cpp">
      <Filter>systems</Filter>
    </ClCompile>
    <ClCompile Include="managers\FileHandler.cpp" />
    <ClCompile Include="components\CollidableComponent.cpp">
      <Filter>components</Filter>
    </ClCompile>
    <ClCompile Include="systems\RenderSystem.cpp">
      <Filter>systems</Filter>
    </ClCompile>
    <ClCompile Include="entities\TextUIEntity.cpp">
      <Filter>entities</Filter>
    </ClCompile>
    <ClCompile Include="systems\ScriptSystem.cpp">
      <Filter>systems</Filter>
    </ClCompile>
    <ClCompile Include="entities\TextEntity.cpp">
      <Filter>entities</Filter>
    </ClCompile>
    <ClCompile Include="components\ScriptComponent.cpp">
      <Filter>components</Filter>
    </ClCompile>
    <ClCompile Include="primitives\RandomGenerator.cpp">
      <Filter>primitives</Filter>
    </ClCompile>
    <ClCompile Include="systems\CameraSystem.cpp" />
    <ClCompile Include="components\CameraComponent.cpp" />
    <ClCompile Include="devices\audio\SDLAudioDevice.cpp">
      <Filter>devices\audio</Filter>
    </ClCompile>
    <ClCompile Include="components\AudioComponent.cpp">
      <Filter>components</Filter>
    </ClCompile>
  </ItemGroup>
</Project>