<?xml version="1.0" encoding="utf-8"?>
<Project ToolsVersion="4.0" xmlns="http://schemas.microsoft.com/developer/msbuild/2003">
  <ItemGroup>
    <ClCompile Include="bmColorComponent.cpp" />
    <ClCompile Include="bmGroundComponent.cpp" />
    <ClCompile Include="bmRenderOxygenSystem.cpp" />
    <ClCompile Include="bmUIComponent.cpp" />
    <ClCompile Include="bmGroundedComponent.cpp" />
    <ClCompile Include="bmGravitySystem.cpp" />
    <ClCompile Include="bmPhysicsComponent.cpp" />
    <ClCompile Include="bmPhysicsSystem.cpp" />
    <ClCompile Include="bmPlanetEarthEntity.h" />
    <ClCompile Include="bmGravityComponent.cpp" />
    <ClCompile Include="bmResourceManager.cpp" />
    <ClCompile Include="bmTextureComponent.cpp" />
    <ClCompile Include="bmContactListener.cpp" />
    <ClCompile Include="main.cpp" />
    <ClCompile Include="bmComponent.cpp" />
    <ClCompile Include="bmEngine.cpp" />
    <ClCompile Include="bmEntity.cpp" />
    <ClCompile Include="bmInputManager.cpp" />
    <ClCompile Include="bmLevelScene.cpp" />
    <ClCompile Include="bmLoop.cpp" />
    <ClCompile Include="bmMenuScene.cpp" />
    <ClCompile Include="bmPlayerEntity.cpp" />
    <ClCompile Include="bmPositionComponent.cpp" />
    <ClCompile Include="bmRenderSystem.cpp" />
    <ClCompile Include="bmScene.cpp" />
    <ClCompile Include="bmSystem.cpp" />
    <ClCompile Include="bmSystemManager.cpp" />
    <ClCompile Include="bmSceneManager.cpp" />
    <ClCompile Include="bmEntityManager.cpp" />
    <ClCompile Include="bmOxygenComponent.cpp" />
    <ClCompile Include="bmOxygenSystem.cpp" />
    <ClCompile Include="bmAtmosphereComponent.cpp" />
    <ClCompile Include="SDLGraphicsDevice.cpp" />
    <ClCompile Include="bmTransitionManager.cpp" />
    <ClCompile Include="Window.cpp" />
    <ClCompile Include="stdafx.cpp" />
    <ClCompile Include="bmPlanetMoonEntity.h" />
  </ItemGroup>
  <ItemGroup>
    <ClInclude Include="bmAffectedByGravityComponent.h" />
    <ClInclude Include="bmColor.h" />
    <ClInclude Include="bmColorComponent.h" />
    <ClInclude Include="bmComponent.h" />
    <ClInclude Include="bmEngine.h" />
    <ClInclude Include="bmEntity.h" />
    <ClInclude Include="bmGroundComponent.h" />
    <ClInclude Include="bmGroundedComponent.h" />
    <ClInclude Include="bmInputManager.h" />
    <ClInclude Include="bmLevelScene.h" />
    <ClInclude Include="bmLoop.h" />
    <ClInclude Include="bmMenuScene.h" />
    <ClInclude Include="bmRenderOxygenSystem.h" />
    <ClInclude Include="bmUIComponent.h" />
    <ClInclude Include="bmPhysicsComponent.h" />
    <ClInclude Include="bmPhysicsSystem.h" />
    <ClInclude Include="bmGravityComponent.h" />
    <ClInclude Include="bmPlayerEntity.h" />
    <ClInclude Include="bmPositionComponent.h" />
    <ClInclude Include="bmRectangleComponent.h" />
    <ClInclude Include="bmRenderSystem.h" />
    <ClInclude Include="bmResourceManager.h" />
    <ClInclude Include="bmScene.h" />
    <ClInclude Include="bmSceneType.h" />
    <ClInclude Include="bmSpriteEntity.h" />
    <ClInclude Include="bmSurfaceEntity.h" />
    <ClInclude Include="bmSystem.h" />
    <ClInclude Include="bmSystemManager.h" />
    <ClInclude Include="bmTextureComponent.h" />
    <ClInclude Include="bmSceneManager.h" />
    <ClInclude Include="bmEntityManager.h" />
    <ClInclude Include="bmTransformComponent.h" />
    <ClInclude Include="bmContactListener.h" />
    <ClInclude Include="GraphicsDevice.h" />
    <ClInclude Include="bmOxygenComponent.h" />
    <ClInclude Include="bmOxygenUIEntity.h" />
    <ClInclude Include="bmOxygenSystem.h" />
    <ClInclude Include="PhysicsComponentShape.h" />
    <ClInclude Include="bmAtmosphereComponent.h" />
    <ClInclude Include="SDLGraphicsDevice.h" />
    <ClInclude Include="TextureAndUsage.h" />
    <ClInclude Include="TextureFlip.h" />
    <ClInclude Include="bmTransitionManager.h" />
    <ClInclude Include="Window.h" />
    <ClInclude Include="stdafx.h" />
    <ClInclude Include="targetver.h" />
    <ClInclude Include="bmGravitySystem.h" />
  </ItemGroup>
  <ItemGroup>
    <Text Include="ReadMe.txt" />
  </ItemGroup>
</Project>